{
  "name": "cli",
  "version": "1.0.0",
  "lockfileVersion": 1,
  "requires": true,
  "dependencies": {
    "commander": {
      "version": "8.2.0",
      "resolved": "https://registry.nlark.com/commander/download/commander-8.2.0.tgz",
      "integrity": "sha1-N/4r3jAdh9R6U63v+LWRXbE4HKg="
    }
  }
}
